<?xml version="1.0" encoding="utf-8"?>
<Project ToolsVersion="4.0" xmlns="http://schemas.microsoft.com/developer/msbuild/2003">
  <ItemGroup>
    <ClInclude Include="include\BF_decoder.h" />
    <ClInclude Include="include\Exceptions.h" />
    <ClInclude Include="include\MathOperations.h" />
    <ClInclude Include="include\ONMS_decoder.h" />
    <ClInclude Include="include\SP_decoder.h" />
    <ClInclude Include="include\Base_decoder.h" />
    <ClInclude Include="include\MatrixReading.h" />
    <ClInclude Include="include\FFH_simulate.h" />
    <ClInclude Include="include\base_simulate.h" />
    <ClInclude Include="include\MonteCarloSimulator.h" />
    <ClInclude Include="include\SimulationParameters.h" />
    <ClInclude Include="include\simulate.h" />
  </ItemGroup>
  <ItemGroup>
    <ClCompile Include="src\BF_decoder.cpp" />
    <ClCompile Include="src\MathOperations.cpp" />
    <ClCompile Include="src\ONMS_decoder.cpp" />
    <ClCompile Include="src\SP_decoder.cpp" />
    <ClCompile Include="src\Base_decoder.cpp" />
    <ClCompile Include="src\MatrixReading.cpp" />
    <ClCompile Include="src\FFH_simulate.cpp" />
    <ClCompile Include="src\base_simulate.cpp" />
    <ClCompile Include="src\simulate_old.cpp" />
    <ClCompile Include="src\main.cpp" />
    <ClCompile Include="src\simulate.cpp" />
    <ClCompile Include="src\MonteCarloSimulator.cpp" />
  </ItemGroup>
</Project>